
Microsoft Visual Studio Solution File, Format Version 12.00
# Visual Studio Version 17
VisualStudioVersion = 17.10.35004.147
MinimumVisualStudioVersion = 10.0.40219.1
Project("{FAE04EC0-301F-11D3-BF4B-00C04F79EFBC}") = "productmanagement", "productmanagement\productmanagement.csproj", "{011B172A-DF2B-4749-9953-179A74CA4462}"
EndProject
Global
	GlobalSection(SolutionConfigurationPlatforms) = preSolution
		Debug|Any CPU = Debug|Any CPU
		Release|Any CPU = Release|Any CPU
	EndGlobalSection
	GlobalSection(ProjectConfigurationPlatforms) = postSolution
		{011B172A-DF2B-4749-9953-179A74CA4462}.Debug|Any CPU.ActiveCfg = Debug|Any CPU
		{011B172A-DF2B-4749-9953-179A74CA4462}.Debug|Any CPU.Build.0 = Debug|Any CPU
		{011B172A-DF2B-4749-9953-179A74CA4462}.Release|Any CPU.ActiveCfg = Release|Any CPU
		{011B172A-DF2B-4749-9953-179A74CA4462}.Release|Any CPU.Build.0 = Release|Any CPU
	EndGlobalSection
	GlobalSection(SolutionProperties) = preSolution
		HideSolutionNode = FALSE
	EndGlobalSection
	GlobalSection(ExtensibilityGlobals) = postSolution
		SolutionGuid = {BCD4C885-1DD8-4929-AC4C-DDA3F812374D}
	EndGlobalSection
EndGlobal
